
Microsoft Visual Studio Solution File, Format Version 12.00
# Visual Studio Version 16
VisualStudioVersion = 16.0.809.8
MinimumVisualStudioVersion = 10.0.40219.1
Project("{9A19103F-16F7-4668-BE54-9A1E7A4F7556}") = "EncryptKeyClient", "EncryptKeyClient\EncryptKeyClient.csproj", "{9DA28AFE-958E-4D3D-80CD-10D2DD636864}"
EndProject
Project("{FAE04EC0-301F-11D3-BF4B-00C04F79EFBC}") = "EncryptKeyCient.UWP", "EncryptKeyCient.UWP\EncryptKeyCient.UWP.csproj", "{93930063-E605-4DEF-848C-868AF7DB70D9}"
EndProject
Global
	GlobalSection(SolutionConfigurationPlatforms) = preSolution
		Debug|Any CPU = Debug|Any CPU
		Debug|ARM = Debug|ARM
		Debug|iPhone = Debug|iPhone
		Debug|iPhoneSimulator = Debug|iPhoneSimulator
		Debug|x64 = Debug|x64
		Debug|x86 = Debug|x86
		Release|Any CPU = Release|Any CPU
		Release|ARM = Release|ARM
		Release|iPhone = Release|iPhone
		Release|iPhoneSimulator = Release|iPhoneSimulator
		Release|x64 = Release|x64
		Release|x86 = Release|x86
	EndGlobalSection
	GlobalSection(ProjectConfigurationPlatforms) = postSolution
		{9DA28AFE-958E-4D3D-80CD-10D2DD636864}.Debug|Any CPU.ActiveCfg = Debug|Any CPU
		{9DA28AFE-958E-4D3D-80CD-10D2DD636864}.Debug|Any CPU.Build.0 = Debug|Any CPU
		{9DA28AFE-958E-4D3D-80CD-10D2DD636864}.Debug|ARM.ActiveCfg = Debug|Any CPU
		{9DA28AFE-958E-4D3D-80CD-10D2DD636864}.Debug|ARM.Build.0 = Debug|Any CPU
		{9DA28AFE-958E-4D3D-80CD-10D2DD636864}.Debug|iPhone.ActiveCfg = Debug|Any CPU
		{9DA28AFE-958E-4D3D-80CD-10D2DD636864}.Debug|iPhone.Build.0 = Debug|Any CPU
		{9DA28AFE-958E-4D3D-80CD-10D2DD636864}.Debug|iPhoneSimulator.ActiveCfg = Debug|Any CPU
		{9DA28AFE-958E-4D3D-80CD-10D2DD636864}.Debug|iPhoneSimulator.Build.0 = Debug|Any CPU
		{9DA28AFE-958E-4D3D-80CD-10D2DD636864}.Debug|x64.ActiveCfg = Debug|Any CPU
		{9DA28AFE-958E-4D3D-80CD-10D2DD636864}.Debug|x64.Build.0 = Debug|Any CPU
		{9DA28AFE-958E-4D3D-80CD-10D2DD636864}.Debug|x86.ActiveCfg = Debug|Any CPU
		{9DA28AFE-958E-4D3D-80CD-10D2DD636864}.Debug|x86.Build.0 = Debug|Any CPU
		{9DA28AFE-958E-4D3D-80CD-10D2DD636864}.Release|Any CPU.ActiveCfg = Release|Any CPU
		{9DA28AFE-958E-4D3D-80CD-10D2DD636864}.Release|Any CPU.Build.0 = Release|Any CPU
		{9DA28AFE-958E-4D3D-80CD-10D2DD636864}.Release|ARM.ActiveCfg = Release|Any CPU
		{9DA28AFE-958E-4D3D-80CD-10D2DD636864}.Release|ARM.Build.0 = Release|Any CPU
		{9DA28AFE-958E-4D3D-80CD-10D2DD636864}.Release|iPhone.ActiveCfg = Release|Any CPU
		{9DA28AFE-958E-4D3D-80CD-10D2DD636864}.Release|iPhone.Build.0 = Release|Any CPU
		{9DA28AFE-958E-4D3D-80CD-10D2DD636864}.Release|iPhoneSimulator.ActiveCfg = Release|Any CPU
		{9DA28AFE-958E-4D3D-80CD-10D2DD636864}.Release|iPhoneSimulator.Build.0 = Release|Any CPU
		{9DA28AFE-958E-4D3D-80CD-10D2DD636864}.Release|x64.ActiveCfg = Release|Any CPU
		{9DA28AFE-958E-4D3D-80CD-10D2DD636864}.Release|x64.Build.0 = Release|Any CPU
		{9DA28AFE-958E-4D3D-80CD-10D2DD636864}.Release|x86.ActiveCfg = Release|Any CPU
		{9DA28AFE-958E-4D3D-80CD-10D2DD636864}.Release|x86.Build.0 = Release|Any CPU
		{93930063-E605-4DEF-848C-868AF7DB70D9}.Debug|Any CPU.ActiveCfg = Debug|x86
		{93930063-E605-4DEF-848C-868AF7DB70D9}.Debug|ARM.ActiveCfg = Debug|ARM
		{93930063-E605-4DEF-848C-868AF7DB70D9}.Debug|ARM.Build.0 = Debug|ARM
		{93930063-E605-4DEF-848C-868AF7DB70D9}.Debug|ARM.Deploy.0 = Debug|ARM
		{93930063-E605-4DEF-848C-868AF7DB70D9}.Debug|iPhone.ActiveCfg = Debug|x86
		{93930063-E605-4DEF-848C-868AF7DB70D9}.Debug|iPhoneSimulator.ActiveCfg = Debug|x86
		{93930063-E605-4DEF-848C-868AF7DB70D9}.Debug|x64.ActiveCfg = Debug|x64
		{93930063-E605-4DEF-848C-868AF7DB70D9}.Debug|x64.Build.0 = Debug|x64
		{93930063-E605-4DEF-848C-868AF7DB70D9}.Debug|x64.Deploy.0 = Debug|x64
		{93930063-E605-4DEF-848C-868AF7DB70D9}.Debug|x86.ActiveCfg = Debug|x86
		{93930063-E605-4DEF-848C-868AF7DB70D9}.Debug|x86.Build.0 = Debug|x86
		{93930063-E605-4DEF-848C-868AF7DB70D9}.Debug|x86.Deploy.0 = Debug|x86
		{93930063-E605-4DEF-848C-868AF7DB70D9}.Release|Any CPU.ActiveCfg = Release|x86
		{93930063-E605-4DEF-848C-868AF7DB70D9}.Release|ARM.ActiveCfg = Release|ARM
		{93930063-E605-4DEF-848C-868AF7DB70D9}.Release|ARM.Build.0 = Release|ARM
		{93930063-E605-4DEF-848C-868AF7DB70D9}.Release|ARM.Deploy.0 = Release|ARM
		{93930063-E605-4DEF-848C-868AF7DB70D9}.Release|iPhone.ActiveCfg = Release|x86
		{93930063-E605-4DEF-848C-868AF7DB70D9}.Release|iPhoneSimulator.ActiveCfg = Release|x86
		{93930063-E605-4DEF-848C-868AF7DB70D9}.Release|x64.ActiveCfg = Release|x64
		{93930063-E605-4DEF-848C-868AF7DB70D9}.Release|x64.Build.0 = Release|x64
		{93930063-E605-4DEF-848C-868AF7DB70D9}.Release|x64.Deploy.0 = Release|x64
		{93930063-E605-4DEF-848C-868AF7DB70D9}.Release|x86.ActiveCfg = Release|x86
		{93930063-E605-4DEF-848C-868AF7DB70D9}.Release|x86.Build.0 = Release|x86
		{93930063-E605-4DEF-848C-868AF7DB70D9}.Release|x86.Deploy.0 = Release|x86
	EndGlobalSection
	GlobalSection(SolutionProperties) = preSolution
		HideSolutionNode = FALSE
	EndGlobalSection
	GlobalSection(ExtensibilityGlobals) = postSolution
		SolutionGuid = {B02E8A7F-9F9E-4437-99C6-8309881B5DF3}
	EndGlobalSection
EndGlobal
